
Microsoft Visual Studio Solution File, Format Version 12.00
# Visual Studio Version 16
VisualStudioVersion = 16.0.30225.117
MinimumVisualStudioVersion = 10.0.40219.1
Project("{FAE04EC0-301F-11D3-BF4B-00C04F79EFBC}") = "Todo", "Todo.csproj", "{4B6F9D0B-C18C-451B-9F17-594DD9EF3100}"
EndProject
Global
	GlobalSection(SolutionConfigurationPlatforms) = preSolution
		Debug|Any CPU = Debug|Any CPU
		Release|Any CPU = Release|Any CPU
	EndGlobalSection
	GlobalSection(ProjectConfigurationPlatforms) = postSolution
		{4B6F9D0B-C18C-451B-9F17-594DD9EF3100}.Debug|Any CPU.ActiveCfg = Debug|Any CPU
		{4B6F9D0B-C18C-451B-9F17-594DD9EF3100}.Debug|Any CPU.Build.0 = Debug|Any CPU
		{4B6F9D0B-C18C-451B-9F17-594DD9EF3100}.Release|Any CPU.ActiveCfg = Release|Any CPU
		{4B6F9D0B-C18C-451B-9F17-594DD9EF3100}.Release|Any CPU.Build.0 = Release|Any CPU
	EndGlobalSection
	GlobalSection(SolutionProperties) = preSolution
		HideSolutionNode = FALSE
	EndGlobalSection
	GlobalSection(ExtensibilityGlobals) = postSolution
		SolutionGuid = {F2211909-B0F4-46B3-B979-3ED4B09D3157}
	EndGlobalSection
EndGlobal
